<Solution>
  <Project Path="SecretTomb.Core/SecretTomb.Core.csproj" />
  <Project Path="SecretTomb.DesktopGL/SecretTomb.DesktopGL.csproj" />
  <Project Path="SecretTomb.WindowsDX/SecretTomb.WindowsDX.csproj" />
  <Project Path="SecretTomb.iOS/SecretTomb.iOS.csproj" />
  <Project Path="SecretTomb.Android/SecretTomb.Android.csproj" />
  <Project Path="SecretTomb.Tests/SecretTomb.Tests.csproj" />
</Solution>
